// !$*UTF8*$!
{
	archiveVersion = 1;
	classes = {
	};
	objectVersion = 77;
	objects = {

/* Begin PBXContainerItemProxy section */
		3F7B38742ECE48A200C4ABAE /* PBXContainerItemProxy */ = {
			isa = PBXContainerItemProxy;
			containerPortal = 3F7B38552ECE48A100C4ABAE /* Project object */;
			proxyType = 1;
			remoteGlobalIDString = 3F7B385C2ECE48A100C4ABAE;
			remoteInfo = JonesGio_Exercise03;
		};
		3F7B387E2ECE48A200C4ABAE /* PBXContainerItemProxy */ = {
			isa = PBXContainerItemProxy;
			containerPortal = 3F7B38552ECE48A100C4ABAE /* Project object */;
			proxyType = 1;
			remoteGlobalIDString = 3F7B385C2ECE48A100C4ABAE;
			remoteInfo = JonesGio_Exercise03;
		};
/* End PBXContainerItemProxy section */

/* Begin PBXFileReference section */
		3F7B385D2ECE48A100C4ABAE /* JonesGio_Exercise03.app */ = {isa = PBXFileReference; explicitFileType = wrapper.application; includeInIndex = 0; path = JonesGio_Exercise03.app; sourceTree = BUILT_PRODUCTS_DIR; };
		3F7B38732ECE48A200C4ABAE /* JonesGio_Exercise03Tests.xctest */ = {isa = PBXFileReference; explicitFileType = wrapper.cfbundle; includeInIndex = 0; path = JonesGio_Exercise03Tests.xctest; sourceTree = BUILT_PRODUCTS_DIR; };
		3F7B387D2ECE48A200C4ABAE /* JonesGio_Exercise03UITests.xctest */ = {isa = PBXFileReference; explicitFileType = wrapper.cfbundle; includeInIndex = 0; path = JonesGio_Exercise03UITests.xctest; sourceTree = BUILT_PRODUCTS_DIR; };
/* End PBXFileReference section */

/* Begin PBXFileSystemSynchronizedBuildFileExceptionSet section */
		3F7B38852ECE48A200C4ABAE /* Exceptions for "JonesGio_Exercise03" folder in "JonesGio_Exercise03" target */ = {
			isa = PBXFileSystemSynchronizedBuildFileExceptionSet;
			membershipExceptions = (
				Info.plist,
			);
			target = 3F7B385C2ECE48A100C4ABAE /* JonesGio_Exercise03 */;
		};
/* End PBXFileSystemSynchronizedBuildFileExceptionSet section */

/* Begin PBXFileSystemSynchronizedRootGroup section */
		3F7B385F2ECE48A100C4ABAE /* JonesGio_Exercise03 */ = {
			isa = PBXFileSystemSynchronizedRootGroup;
			exceptions = (
				3F7B38852ECE48A200C4ABAE /* Exceptions for "JonesGio_Exercise03" folder in "JonesGio_Exercise03" target */,
			);
			path = JonesGio_Exercise03;
			sourceTree = "<group>";
		};
		3F7B38762ECE48A200C4ABAE /* JonesGio_Exercise03Tests */ = {
			isa = PBXFileSystemSynchronizedRootGroup;
			path = JonesGio_Exercise03Tests;
			sourceTree = "<group>";
		};
		3F7B38802ECE48A200C4ABAE /* JonesGio_Exercise03UITests */ = {
			isa = PBXFileSystemSynchronizedRootGroup;
			path = JonesGio_Exercise03UITests;
			sourceTree = "<group>";
		};
/* End PBXFileSystemSynchronizedRootGroup section */

/* Begin PBXFrameworksBuildPhase section */
		3F7B385A2ECE48A100C4ABAE /* Frameworks */ = {
			isa = PBXFrameworksBuildPhase;
			buildActionMask = 2147483647;
			files = (
			);
			runOnlyForDeploymentPostprocessing = 0;
		};
		3F7B38702ECE48A200C4ABAE /* Frameworks */ = {
			isa = PBXFrameworksBuildPhase;
			buildActionMask = 2147483647;
			files = (
			);
			runOnlyForDeploymentPostprocessing = 0;
		};
		3F7B387A2ECE48A200C4ABAE /* Frameworks */ = {
			isa = PBXFrameworksBuildPhase;
			buildActionMask = 2147483647;
			files = (
			);
			runOnlyForDeploymentPostprocessing = 0;
		};
/* End PBXFrameworksBuildPhase section */

/* Begin PBXGroup section */
		3F7B38542ECE48A100C4ABAE = {
			isa = PBXGroup;
			children = (
				3F7B385F2ECE48A100C4ABAE /* JonesGio_Exercise03 */,
				3F7B38762ECE48A200C4ABAE /* JonesGio_Exercise03Tests */,
				3F7B38802ECE48A200C4ABAE /* JonesGio_Exercise03UITests */,
				3F7B385E2ECE48A100C4ABAE /* Products */,
			);
			sourceTree = "<group>";
		};
		3F7B385E2ECE48A100C4ABAE /* Products */ = {
			isa = PBXGroup;
			children = (
				3F7B385D2ECE48A100C4ABAE /* JonesGio_Exercise03.app */,
				3F7B38732ECE48A200C4ABAE /* JonesGio_Exercise03Tests.xctest */,
				3F7B387D2ECE48A200C4ABAE /* JonesGio_Exercise03UITests.xctest */,
			);
			name = Products;
			sourceTree = "<group>";
		};
/* End PBXGroup section */

/* Begin PBXNativeTarget section */
		3F7B385C2ECE48A100C4ABAE /* JonesGio_Exercise03 */ = {
			isa = PBXNativeTarget;
			buildConfigurationList = 3F7B38862ECE48A200C4ABAE /* Build configuration list for PBXNativeTarget "JonesGio_Exercise03" */;
			buildPhases = (
				3F7B38592ECE48A100C4ABAE /* Sources */,
				3F7B385A2ECE48A100C4ABAE /* Frameworks */,
				3F7B385B2ECE48A100C4ABAE /* Resources */,
			);
			buildRules = (
			);
			dependencies = (
			);
			fileSystemSynchronizedGroups = (
				3F7B385F2ECE48A100C4ABAE /* JonesGio_Exercise03 */,
			);
			name = JonesGio_Exercise03;
			packageProductDependencies = (
			);
			productName = JonesGio_Exercise03;
			productReference = 3F7B385D2ECE48A100C4ABAE /* JonesGio_Exercise03.app */;
			productType = "com.apple.product-type.application";
		};
		3F7B38722ECE48A200C4ABAE /* JonesGio_Exercise03Tests */ = {
			isa = PBXNativeTarget;
			buildConfigurationList = 3F7B388B2ECE48A200C4ABAE /* Build configuration list for PBXNativeTarget "JonesGio_Exercise03Tests" */;
			buildPhases = (
				3F7B386F2ECE48A200C4ABAE /* Sources */,
				3F7B38702ECE48A200C4ABAE /* Frameworks */,
				3F7B38712ECE48A200C4ABAE /* Resources */,
			);
			buildRules = (
			);
			dependencies = (
				3F7B38752ECE48A200C4ABAE /* PBXTargetDependency */,
			);
			fileSystemSynchronizedGroups = (
				3F7B38762ECE48A200C4ABAE /* JonesGio_Exercise03Tests */,
			);
			name = JonesGio_Exercise03Tests;
			packageProductDependencies = (
			);
			productName = JonesGio_Exercise03Tests;
			productReference = 3F7B38732ECE48A200C4ABAE /* JonesGio_Exercise03Tests.xctest */;
			productType = "com.apple.product-type.bundle.unit-test";
		};
		3F7B387C2ECE48A200C4ABAE /* JonesGio_Exercise03UITests */ = {
			isa = PBXNativeTarget;
			buildConfigurationList = 3F7B388E2ECE48A200C4ABAE /* Build configuration list for PBXNativeTarget "JonesGio_Exercise03UITests" */;
			buildPhases = (
				3F7B38792ECE48A200C4ABAE /* Sources */,
				3F7B387A2ECE48A200C4ABAE /* Frameworks */,
				3F7B387B2ECE48A200C4ABAE /* Resources */,
			);
			buildRules = (
			);
			dependencies = (
				3F7B387F2ECE48A200C4ABAE /* PBXTargetDependency */,
			);
			fileSystemSynchronizedGroups = (
				3F7B38802ECE48A200C4ABAE /* JonesGio_Exercise03UITests */,
			);
			name = JonesGio_Exercise03UITests;
			packageProductDependencies = (
			);
			productName = JonesGio_Exercise03UITests;
			productReference = 3F7B387D2ECE48A200C4ABAE /* JonesGio_Exercise03UITests.xctest */;
			productType = "com.apple.product-type.bundle.ui-testing";
		};
/* End PBXNativeTarget section */

/* Begin PBXProject section */
		3F7B38552ECE48A100C4ABAE /* Project object */ = {
			isa = PBXProject;
			attributes = {
				BuildIndependentTargetsInParallel = 1;
				LastSwiftUpdateCheck = 1640;
				LastUpgradeCheck = 1640;
				TargetAttributes = {
					3F7B385C2ECE48A100C4ABAE = {
						CreatedOnToolsVersion = 16.4;
					};
					3F7B38722ECE48A200C4ABAE = {
						CreatedOnToolsVersion = 16.4;
						TestTargetID = 3F7B385C2ECE48A100C4ABAE;
					};
					3F7B387C2ECE48A200C4ABAE = {
						CreatedOnToolsVersion = 16.4;
						TestTargetID = 3F7B385C2ECE48A100C4ABAE;
					};
				};
			};
			buildConfigurationList = 3F7B38582ECE48A100C4ABAE /* Build configuration list for PBXProject "JonesGio_Exercise03" */;
			developmentRegion = en;
			hasScannedForEncodings = 0;
			knownRegions = (
				en,
				Base,
			);
			mainGroup = 3F7B38542ECE48A100C4ABAE;
			minimizedProjectReferenceProxies = 1;
			preferredProjectObjectVersion = 77;
			productRefGroup = 3F7B385E2ECE48A100C4ABAE /* Products */;
			projectDirPath = "";
			projectRoot = "";
			targets = (
				3F7B385C2ECE48A100C4ABAE /* JonesGio_Exercise03 */,
				3F7B38722ECE48A200C4ABAE /* JonesGio_Exercise03Tests */,
				3F7B387C2ECE48A200C4ABAE /* JonesGio_Exercise03UITests */,
			);
		};
/* End PBXProject section */

/* Begin PBXResourcesBuildPhase section */
		3F7B385B2ECE48A100C4ABAE /* Resources */ = {
			isa = PBXResourcesBuildPhase;
			buildActionMask = 2147483647;
			files = (
			);
			runOnlyForDeploymentPostprocessing = 0;
		};
		3F7B38712ECE48A200C4ABAE /* Resources */ = {
			isa = PBXResourcesBuildPhase;
			buildActionMask = 2147483647;
			files = (
			);
			runOnlyForDeploymentPostprocessing = 0;
		};
		3F7B387B2ECE48A200C4ABAE /* Resources */ = {
			isa = PBXResourcesBuildPhase;
			buildActionMask = 2147483647;
			files = (
			);
			runOnlyForDeploymentPostprocessing = 0;
		};
/* End PBXResourcesBuildPhase section */

/* Begin PBXSourcesBuildPhase section */
		3F7B38592ECE48A100C4ABAE /* Sources */ = {
			isa = PBXSourcesBuildPhase;
			buildActionMask = 2147483647;
			files = (
			);
			runOnlyForDeploymentPostprocessing = 0;
		};
		3F7B386F2ECE48A200C4ABAE /* Sources */ = {
			isa = PBXSourcesBuildPhase;
			buildActionMask = 2147483647;
			files = (
			);
			runOnlyForDeploymentPostprocessing = 0;
		};
		3F7B38792ECE48A200C4ABAE /* Sources */ = {
			isa = PBXSourcesBuildPhase;
			buildActionMask = 2147483647;
			files = (
			);
			runOnlyForDeploymentPostprocessing = 0;
		};
/* End PBXSourcesBuildPhase section */

/* Begin PBXTargetDependency section */
		3F7B38752ECE48A200C4ABAE /* PBXTargetDependency */ = {
			isa = PBXTargetDependency;
			target = 3F7B385C2ECE48A100C4ABAE /* JonesGio_Exercise03 */;
			targetProxy = 3F7B38742ECE48A200C4ABAE /* PBXContainerItemProxy */;
		};
		3F7B387F2ECE48A200C4ABAE /* PBXTargetDependency */ = {
			isa = PBXTargetDependency;
			target = 3F7B385C2ECE48A100C4ABAE /* JonesGio_Exercise03 */;
			targetProxy = 3F7B387E2ECE48A200C4ABAE /* PBXContainerItemProxy */;
		};
/* End PBXTargetDependency section */

/* Begin XCBuildConfiguration section */
		3F7B38872ECE48A200C4ABAE /* Debug */ = {
			isa = XCBuildConfiguration;
			buildSettings = {
				ASSETCATALOG_COMPILER_APPICON_NAME = AppIcon;
				ASSETCATALOG_COMPILER_GLOBAL_ACCENT_COLOR_NAME = AccentColor;
				CODE_SIGN_STYLE = Automatic;
				CURRENT_PROJECT_VERSION = 1;
				DEVELOPMENT_TEAM = 49PHY8PGAA;
				GENERATE_INFOPLIST_FILE = YES;
				INFOPLIST_FILE = JonesGio_Exercise03/Info.plist;
				INFOPLIST_KEY_UIApplicationSupportsIndirectInputEvents = YES;
				INFOPLIST_KEY_UILaunchStoryboardName = LaunchScreen;
				INFOPLIST_KEY_UIMainStoryboardFile = Main;
				INFOPLIST_KEY_UISupportedInterfaceOrientations_iPad = "UIInterfaceOrientationPortrait UIInterfaceOrientationPortraitUpsideDown UIInterfaceOrientationLandscapeLeft UIInterfaceOrientationLandscapeRight";
				INFOPLIST_KEY_UISupportedInterfaceOrientations_iPhone = "UIInterfaceOrientationPortrait UIInterfaceOrientationLandscapeLeft UIInterfaceOrientationLandscapeRight";
				LD_RUNPATH_SEARCH_PATHS = (
					"$(inherited)",
					"@executable_path/Frameworks",
				);
				MARKETING_VERSION = 1.0;
				PRODUCT_BUNDLE_IDENTIFIER = "Gio.JonesGio-Exercise03";
				PRODUCT_NAME = "$(TARGET_NAME)";
				SWIFT_EMIT_LOC_STRINGS = YES;
				SWIFT_VERSION = 5.0;
				TARGETED_DEVICE_FAMILY = "1,2";
			};
			name = Debug;
		};
		3F7B38882ECE48A200C4ABAE /* Release */ = {
			isa = XCBuildConfiguration;
			buildSettings = {
				ASSETCATALOG_COMPILER_APPICON_NAME = AppIcon;
				ASSETCATALOG_COMPILER_GLOBAL_ACCENT_COLOR_NAME = AccentColor;
				CODE_SIGN_STYLE = Automatic;
				CURRENT_PROJECT_VERSION = 1;
				DEVELOPMENT_TEAM = 49PHY8PGAA;
				GENERATE_INFOPLIST_FILE = YES;
				INFOPLIST_FILE = JonesGio_Exercise03/Info.plist;
				INFOPLIST_KEY_UIApplicationSupportsIndirectInputEvents = YES;
				INFOPLIST_KEY_UILaunchStoryboardName = LaunchScreen;
				INFOPLIST_KEY_UIMainStoryboardFile = Main;
				INFOPLIST_KEY_UISupportedInterfaceOrientations_iPad = "UIInterfaceOrientationPortrait UIInterfaceOrientationPortraitUpsideDown UIInterfaceOrientationLandscapeLeft UIInterfaceOrientationLandscapeRight";
				INFOPLIST_KEY_UISupportedInterfaceOrientations_iPhone = "UIInterfaceOrientationPortrait UIInterfaceOrientationLandscapeLeft UIInterfaceOrientationLandscapeRight";
				LD_RUNPATH_SEARCH_PATHS = (
					"$(inherited)",
					"@executable_path/Frameworks",
				);
				MARKETING_VERSION = 1.0;
				PRODUCT_BUNDLE_IDENTIFIER = "Gio.JonesGio-Exercise03";
				PRODUCT_NAME = "$(TARGET_NAME)";
				SWIFT_EMIT_LOC_STRINGS = YES;
				SWIFT_VERSION = 5.0;
				TARGETED_DEVICE_FAMILY = "1,2";
			};
			name = Release;
		};
		3F7B38892ECE48A200C4ABAE /* Debug */ = {
			isa = XCBuildConfiguration;
			buildSettings = {
				ALWAYS_SEARCH_USER_PATHS = NO;
				ASSETCATALOG_COMPILER_GENERATE_SWIFT_ASSET_SYMBOL_EXTENSIONS = YES;
				CLANG_ANALYZER_NONNULL = YES;
				CLANG_ANALYZER_NUMBER_OBJECT_CONVERSION = YES_AGGRESSIVE;
				CLANG_CXX_LANGUAGE_STANDARD = "gnu++20";
				CLANG_ENABLE_MODULES = YES;
				CLANG_ENABLE_OBJC_ARC = YES;
				CLANG_ENABLE_OBJC_WEAK = YES;
				CLANG_WARN_BLOCK_CAPTURE_AUTORELEASING = YES;
				CLANG_WARN_BOOL_CONVERSION = YES;
				CLANG_WARN_COMMA = YES;
				CLANG_WARN_CONSTANT_CONVERSION = YES;
				CLANG_WARN_DEPRECATED_OBJC_IMPLEMENTATIONS = YES;
				CLANG_WARN_DIRECT_OBJC_ISA_USAGE = YES_ERROR;
				CLANG_WARN_DOCUMENTATION_COMMENTS = YES;
				CLANG_WARN_EMPTY_BODY = YES;
				CLANG_WARN_ENUM_CONVERSION = YES;
				CLANG_WARN_INFINITE_RECURSION = YES;
				CLANG_WARN_INT_CONVERSION = YES;
				CLANG_WARN_NON_LITERAL_NULL_CONVERSION = YES;
				CLANG_WARN_OBJC_IMPLICIT_RETAIN_SELF = YES;
				CLANG_WARN_OBJC_LITERAL_CONVERSION = YES;
				CLANG_WARN_OBJC_ROOT_CLASS = YES_ERROR;
				CLANG_WARN_QUOTED_INCLUDE_IN_FRAMEWORK_HEADER = YES;
				CLANG_WARN_RANGE_LOOP_ANALYSIS = YES;
				CLANG_WARN_STRICT_PROTOTYPES = YES;
				CLANG_WARN_SUSPICIOUS_MOVE = YES;
				CLANG_WARN_UNGUARDED_AVAILABILITY = YES_AGGRESSIVE;
				CLANG_WARN_UNREACHABLE_CODE = YES;
				CLANG_WARN__DUPLICATE_METHOD_MATCH = YES;
				COPY_PHASE_STRIP = NO;
				DEBUG_INFORMATION_FORMAT = dwarf;
				DEVELOPMENT_TEAM = 49PHY8PGAA;
				ENABLE_STRICT_OBJC_MSGSEND = YES;
				ENABLE_TESTABILITY = YES;
				ENABLE_USER_SCRIPT_SANDBOXING = YES;
				GCC_C_LANGUAGE_STANDARD = gnu17;
				GCC_DYNAMIC_NO_PIC = NO;
				GCC_NO_COMMON_BLOCKS = YES;
				GCC_OPTIMIZATION_LEVEL = 0;
				GCC_PREPROCESSOR_DEFINITIONS = (
					"DEBUG=1",
					"$(inherited)",
				);
				GCC_WARN_64_TO_32_BIT_CONVERSION = YES;
				GCC_WARN_ABOUT_RETURN_TYPE = YES_ERROR;
				GCC_WARN_UNDECLARED_SELECTOR = YES;
				GCC_WARN_UNINITIALIZED_AUTOS = YES_AGGRESSIVE;
				GCC_WARN_UNUSED_FUNCTION = YES;
				GCC_WARN_UNUSED_VARIABLE = YES;
				IPHONEOS_DEPLOYMENT_TARGET = 18.5;
				LOCALIZATION_PREFERS_STRING_CATALOGS = YES;
				MTL_ENABLE_DEBUG_INFO = INCLUDE_SOURCE;
				MTL_FAST_MATH = YES;
				ONLY_ACTIVE_ARCH = YES;
				SDKROOT = iphoneos;
				SWIFT_ACTIVE_COMPILATION_CONDITIONS = "DEBUG $(inherited)";
				SWIFT_OPTIMIZATION_LEVEL = "-Onone";
			};
			name = Debug;
		};
		3F7B388A2ECE48A200C4ABAE /* Release */ = {
			isa = XCBuildConfiguration;
			buildSettings = {
				ALWAYS_SEARCH_USER_PATHS = NO;
				ASSETCATALOG_COMPILER_GENERATE_SWIFT_ASSET_SYMBOL_EXTENSIONS = YES;
				CLANG_ANALYZER_NONNULL = YES;
				CLANG_ANALYZER_NUMBER_OBJECT_CONVERSION = YES_AGGRESSIVE;
				CLANG_CXX_LANGUAGE_STANDARD = "gnu++20";
				CLANG_ENABLE_MODULES = YES;
				CLANG_ENABLE_OBJC_ARC = YES;
				CLANG_ENABLE_OBJC_WEAK = YES;
				CLANG_WARN_BLOCK_CAPTURE_AUTORELEASING = YES;
				CLANG_WARN_BOOL_CONVERSION = YES;
				CLANG_WARN_COMMA = YES;
				CLANG_WARN_CONSTANT_CONVERSION = YES;
				CLANG_WARN_DEPRECATED_OBJC_IMPLEMENTATIONS = YES;
				CLANG_WARN_DIRECT_OBJC_ISA_USAGE = YES_ERROR;
				CLANG_WARN_DOCUMENTATION_COMMENTS = YES;
				CLANG_WARN_EMPTY_BODY = YES;
				CLANG_WARN_ENUM_CONVERSION = YES;
				CLANG_WARN_INFINITE_RECURSION = YES;
				CLANG_WARN_INT_CONVERSION = YES;
				CLANG_WARN_NON_LITERAL_NULL_CONVERSION = YES;
				CLANG_WARN_OBJC_IMPLICIT_RETAIN_SELF = YES;
				CLANG_WARN_OBJC_LITERAL_CONVERSION = YES;
				CLANG_WARN_OBJC_ROOT_CLASS = YES_ERROR;
				CLANG_WARN_QUOTED_INCLUDE_IN_FRAMEWORK_HEADER = YES;
				CLANG_WARN_RANGE_LOOP_ANALYSIS = YES;
				CLANG_WARN_STRICT_PROTOTYPES = YES;
				CLANG_WARN_SUSPICIOUS_MOVE = YES;
				CLANG_WARN_UNGUARDED_AVAILABILITY = YES_AGGRESSIVE;
				CLANG_WARN_UNREACHABLE_CODE = YES;
				CLANG_WARN__DUPLICATE_METHOD_MATCH = YES;
				COPY_PHASE_STRIP = NO;
				DEBUG_INFORMATION_FORMAT = "dwarf-with-dsym";
				DEVELOPMENT_TEAM = 49PHY8PGAA;
				ENABLE_NS_ASSERTIONS = NO;
				ENABLE_STRICT_OBJC_MSGSEND = YES;
				ENABLE_USER_SCRIPT_SANDBOXING = YES;
				GCC_C_LANGUAGE_STANDARD = gnu17;
				GCC_NO_COMMON_BLOCKS = YES;
				GCC_WARN_64_TO_32_BIT_CONVERSION = YES;
				GCC_WARN_ABOUT_RETURN_TYPE = YES_ERROR;
				GCC_WARN_UNDECLARED_SELECTOR = YES;
				GCC_WARN_UNINITIALIZED_AUTOS = YES_AGGRESSIVE;
				GCC_WARN_UNUSED_FUNCTION = YES;
				GCC_WARN_UNUSED_VARIABLE = YES;
				IPHONEOS_DEPLOYMENT_TARGET = 18.5;
				LOCALIZATION_PREFERS_STRING_CATALOGS = YES;
				MTL_ENABLE_DEBUG_INFO = NO;
				MTL_FAST_MATH = YES;
				SDKROOT = iphoneos;
				SWIFT_COMPILATION_MODE = wholemodule;
				VALIDATE_PRODUCT = YES;
			};
			name = Release;
		};
		3F7B388C2ECE48A200C4ABAE /* Debug */ = {
			isa = XCBuildConfiguration;
			buildSettings = {
				BUNDLE_LOADER = "$(TEST_HOST)";
				CODE_SIGN_STYLE = Automatic;
				CURRENT_PROJECT_VERSION = 1;
				DEVELOPMENT_TEAM = 49PHY8PGAA;
				GENERATE_INFOPLIST_FILE = YES;
				IPHONEOS_DEPLOYMENT_TARGET = 18.5;
				MARKETING_VERSION = 1.0;
				PRODUCT_BUNDLE_IDENTIFIER = "Gio.JonesGio-Exercise03Tests";
				PRODUCT_NAME = "$(TARGET_NAME)";
				SWIFT_EMIT_LOC_STRINGS = NO;
				SWIFT_VERSION = 5.0;
				TARGETED_DEVICE_FAMILY = "1,2";
				TEST_HOST = "$(BUILT_PRODUCTS_DIR)/JonesGio_Exercise03.app/$(BUNDLE_EXECUTABLE_FOLDER_PATH)/JonesGio_Exercise03";
			};
			name = Debug;
		};
		3F7B388D2ECE48A200C4ABAE /* Release */ = {
			isa = XCBuildConfiguration;
			buildSettings = {
				BUNDLE_LOADER = "$(TEST_HOST)";
				CODE_SIGN_STYLE = Automatic;
				CURRENT_PROJECT_VERSION = 1;
				DEVELOPMENT_TEAM = 49PHY8PGAA;
				GENERATE_INFOPLIST_FILE = YES;
				IPHONEOS_DEPLOYMENT_TARGET = 18.5;
				MARKETING_VERSION = 1.0;
				PRODUCT_BUNDLE_IDENTIFIER = "Gio.JonesGio-Exercise03Tests";
				PRODUCT_NAME = "$(TARGET_NAME)";
				SWIFT_EMIT_LOC_STRINGS = NO;
				SWIFT_VERSION = 5.0;
				TARGETED_DEVICE_FAMILY = "1,2";
				TEST_HOST = "$(BUILT_PRODUCTS_DIR)/JonesGio_Exercise03.app/$(BUNDLE_EXECUTABLE_FOLDER_PATH)/JonesGio_Exercise03";
			};
			name = Release;
		};
		3F7B388F2ECE48A200C4ABAE /* Debug */ = {
			isa = XCBuildConfiguration;
			buildSettings = {
				CODE_SIGN_STYLE = Automatic;
				CURRENT_PROJECT_VERSION = 1;
				DEVELOPMENT_TEAM = 49PHY8PGAA;
				GENERATE_INFOPLIST_FILE = YES;
				MARKETING_VERSION = 1.0;
				PRODUCT_BUNDLE_IDENTIFIER = "Gio.JonesGio-Exercise03UITests";
				PRODUCT_NAME = "$(TARGET_NAME)";
				SWIFT_EMIT_LOC_STRINGS = NO;
				SWIFT_VERSION = 5.0;
				TARGETED_DEVICE_FAMILY = "1,2";
				TEST_TARGET_NAME = JonesGio_Exercise03;
			};
			name = Debug;
		};
		3F7B38902ECE48A200C4ABAE /* Release */ = {
			isa = XCBuildConfiguration;
			buildSettings = {
				CODE_SIGN_STYLE = Automatic;
				CURRENT_PROJECT_VERSION = 1;
				DEVELOPMENT_TEAM = 49PHY8PGAA;
				GENERATE_INFOPLIST_FILE = YES;
				MARKETING_VERSION = 1.0;
				PRODUCT_BUNDLE_IDENTIFIER = "Gio.JonesGio-Exercise03UITests";
				PRODUCT_NAME = "$(TARGET_NAME)";
				SWIFT_EMIT_LOC_STRINGS = NO;
				SWIFT_VERSION = 5.0;
				TARGETED_DEVICE_FAMILY = "1,2";
				TEST_TARGET_NAME = JonesGio_Exercise03;
			};
			name = Release;
		};
/* End XCBuildConfiguration section */

/* Begin XCConfigurationList section */
		3F7B38582ECE48A100C4ABAE /* Build configuration list for PBXProject "JonesGio_Exercise03" */ = {
			isa = XCConfigurationList;
			buildConfigurations = (
				3F7B38892ECE48A200C4ABAE /* Debug */,
				3F7B388A2ECE48A200C4ABAE /* Release */,
			);
			defaultConfigurationIsVisible = 0;
			defaultConfigurationName = Release;
		};
		3F7B38862ECE48A200C4ABAE /* Build configuration list for PBXNativeTarget "JonesGio_Exercise03" */ = {
			isa = XCConfigurationList;
			buildConfigurations = (
				3F7B38872ECE48A200C4ABAE /* Debug */,
				3F7B38882ECE48A200C4ABAE /* Release */,
			);
			defaultConfigurationIsVisible = 0;
			defaultConfigurationName = Release;
		};
		3F7B388B2ECE48A200C4ABAE /* Build configuration list for PBXNativeTarget "JonesGio_Exercise03Tests" */ = {
			isa = XCConfigurationList;
			buildConfigurations = (
				3F7B388C2ECE48A200C4ABAE /* Debug */,
				3F7B388D2ECE48A200C4ABAE /* Release */,
			);
			defaultConfigurationIsVisible = 0;
			defaultConfigurationName = Release;
		};
		3F7B388E2ECE48A200C4ABAE /* Build configuration list for PBXNativeTarget "JonesGio_Exercise03UITests" */ = {
			isa = XCConfigurationList;
			buildConfigurations = (
				3F7B388F2ECE48A200C4ABAE /* Debug */,
				3F7B38902ECE48A200C4ABAE /* Release */,
			);
			defaultConfigurationIsVisible = 0;
			defaultConfigurationName = Release;
		};
/* End XCConfigurationList section */
	};
	rootObject = 3F7B38552ECE48A100C4ABAE /* Project object */;
}
